
Microsoft Visual Studio Solution File, Format Version 12.00
# Visual Studio Version 16
VisualStudioVersion = 16.0.31911.196
MinimumVisualStudioVersion = 10.0.40219.1
Project("{FAE04EC0-301F-11D3-BF4B-00C04F79EFBC}") = "WCFService_2Way_019", "WCFService_2Way_019\WCFService_2Way_019.csproj", "{CB6BAB74-7F6C-4314-BD8F-069266C4EB26}"
EndProject
Global
	GlobalSection(SolutionConfigurationPlatforms) = preSolution
		Debug|Any CPU = Debug|Any CPU
		Release|Any CPU = Release|Any CPU
	EndGlobalSection
	GlobalSection(ProjectConfigurationPlatforms) = postSolution
		{CB6BAB74-7F6C-4314-BD8F-069266C4EB26}.Debug|Any CPU.ActiveCfg = Debug|Any CPU
		{CB6BAB74-7F6C-4314-BD8F-069266C4EB26}.Debug|Any CPU.Build.0 = Debug|Any CPU
		{CB6BAB74-7F6C-4314-BD8F-069266C4EB26}.Release|Any CPU.ActiveCfg = Release|Any CPU
		{CB6BAB74-7F6C-4314-BD8F-069266C4EB26}.Release|Any CPU.Build.0 = Release|Any CPU
	EndGlobalSection
	GlobalSection(SolutionProperties) = preSolution
		HideSolutionNode = FALSE
	EndGlobalSection
	GlobalSection(ExtensibilityGlobals) = postSolution
		SolutionGuid = {2E4E96BD-28BA-44D3-AB71-6D56F58B8EBA}
	EndGlobalSection
EndGlobal
